// !$*UTF8*$!
{
	archiveVersion = 1;
	classes = {
	};
	objectVersion = 46;
	objects = {

/* Begin PBXBuildFile section */
		743DD3921AA55831006ECF81 /* main.cpp in Sources */ = {isa = PBXBuildFile; fileRef = 743DD3911AA55831006ECF81 /* main.cpp */; };
		743DD3991AA55BED006ECF81 /* psim.cpp in Sources */ = {isa = PBXBuildFile; fileRef = 743DD3981AA55BED006ECF81 /* psim.cpp */; };
/* End PBXBuildFile section */

/* Begin PBXCopyFilesBuildPhase section */
		743DD38C1AA55831006ECF81 /* CopyFiles */ = {
			isa = PBXCopyFilesBuildPhase;
			buildActionMask = 2147483647;
			dstPath = /usr/share/man/man1/;
			dstSubfolderSpec = 0;
			files = (
			);
			runOnlyForDeploymentPostprocessing = 1;
		};
/* End PBXCopyFilesBuildPhase section */

/* Begin PBXFileReference section */
		743DD38E1AA55831006ECF81 /* PSIM */ = {isa = PBXFileReference; explicitFileType = "compiled.mach-o.executable"; includeInIndex = 0; path = PSIM; sourceTree = BUILT_PRODUCTS_DIR; };
		743DD3911AA55831006ECF81 /* main.cpp */ = {isa = PBXFileReference; lastKnownFileType = sourcecode.cpp.cpp; path = main.cpp; sourceTree = "<group>"; };
		743DD3981AA55BED006ECF81 /* psim.cpp */ = {isa = PBXFileReference; fileEncoding = 4; lastKnownFileType = sourcecode.cpp.cpp; path = psim.cpp; sourceTree = "<group>"; };
/* End PBXFileReference section */

/* Begin PBXFrameworksBuildPhase section */
		743DD38B1AA55831006ECF81 /* Frameworks */ = {
			isa = PBXFrameworksBuildPhase;
			buildActionMask = 2147483647;
			files = (
			);
			runOnlyForDeploymentPostprocessing = 0;
		};
/* End PBXFrameworksBuildPhase section */

/* Begin PBXGroup section */
		743DD3851AA55831006ECF81 = {
			isa = PBXGroup;
			children = (
				743DD3901AA55831006ECF81 /* PSIM */,
				743DD38F1AA55831006ECF81 /* Products */,
			);
			sourceTree = "<group>";
		};
		743DD38F1AA55831006ECF81 /* Products */ = {
			isa = PBXGroup;
			children = (
				743DD38E1AA55831006ECF81 /* PSIM */,
			);
			name = Products;
			sourceTree = "<group>";
		};
		743DD3901AA55831006ECF81 /* PSIM */ = {
			isa = PBXGroup;
			children = (
				743DD3911AA55831006ECF81 /* main.cpp */,
				743DD3981AA55BED006ECF81 /* psim.cpp */,
			);
			path = PSIM;
			sourceTree = "<group>";
		};
/* End PBXGroup section */

/* Begin PBXNativeTarget section */
		743DD38D1AA55831006ECF81 /* PSIM */ = {
			isa = PBXNativeTarget;
			buildConfigurationList = 743DD3951AA55831006ECF81 /* Build configuration list for PBXNativeTarget "PSIM" */;
			buildPhases = (
				743DD38A1AA55831006ECF81 /* Sources */,
				743DD38B1AA55831006ECF81 /* Frameworks */,
				743DD38C1AA55831006ECF81 /* CopyFiles */,
			);
			buildRules = (
			);
			dependencies = (
			);
			name = PSIM;
			productName = PSIM;
			productReference = 743DD38E1AA55831006ECF81 /* PSIM */;
			productType = "com.apple.product-type.tool";
		};
/* End PBXNativeTarget section */

/* Begin PBXProject section */
		743DD3861AA55831006ECF81 /* Project object */ = {
			isa = PBXProject;
			attributes = {
				LastUpgradeCheck = 0610;
				ORGANIZATIONNAME = "Sam Uddin";
				TargetAttributes = {
					743DD38D1AA55831006ECF81 = {
						CreatedOnToolsVersion = 6.1.1;
					};
				};
			};
			buildConfigurationList = 743DD3891AA55831006ECF81 /* Build configuration list for PBXProject "PSIM" */;
			compatibilityVersion = "Xcode 3.2";
			developmentRegion = English;
			hasScannedForEncodings = 0;
			knownRegions = (
				en,
			);
			mainGroup = 743DD3851AA55831006ECF81;
			productRefGroup = 743DD38F1AA55831006ECF81 /* Products */;
			projectDirPath = "";
			projectRoot = "";
			targets = (
				743DD38D1AA55831006ECF81 /* PSIM */,
			);
		};
/* End PBXProject section */

/* Begin PBXSourcesBuildPhase section */
		743DD38A1AA55831006ECF81 /* Sources */ = {
			isa = PBXSourcesBuildPhase;
			buildActionMask = 2147483647;
			files = (
				743DD3991AA55BED006ECF81 /* psim.cpp in Sources */,
				743DD3921AA55831006ECF81 /* main.cpp in Sources */,
			);
			runOnlyForDeploymentPostprocessing = 0;
		};
/* End PBXSourcesBuildPhase section */

/* Begin XCBuildConfiguration section */
		743DD3931AA55831006ECF81 /* Debug */ = {
			isa = XCBuildConfiguration;
			buildSettings = {
				ALWAYS_SEARCH_USER_PATHS = NO;
				CLANG_CXX_LANGUAGE_STANDARD = "gnu++0x";
				CLANG_CXX_LIBRARY = "libc++";
				CLANG_ENABLE_MODULES = YES;
				CLANG_ENABLE_OBJC_ARC = YES;
				CLANG_WARN_BOOL_CONVERSION = YES;
				CLANG_WARN_CONSTANT_CONVERSION = YES;
				CLANG_WARN_DIRECT_OBJC_ISA_USAGE = YES_ERROR;
				CLANG_WARN_EMPTY_BODY = YES;
				CLANG_WARN_ENUM_CONVERSION = YES;
				CLANG_WARN_INT_CONVERSION = YES;
				CLANG_WARN_OBJC_ROOT_CLASS = YES_ERROR;
				CLANG_WARN_UNREACHABLE_CODE = YES;
				CLANG_WARN__DUPLICATE_METHOD_MATCH = YES;
				COPY_PHASE_STRIP = NO;
				ENABLE_STRICT_OBJC_MSGSEND = YES;
				GCC_C_LANGUAGE_STANDARD = gnu99;
				GCC_DYNAMIC_NO_PIC = NO;
				GCC_OPTIMIZATION_LEVEL = 0;
				GCC_PREPROCESSOR_DEFINITIONS = (
					"DEBUG=1",
					"$(inherited)",
				);
				GCC_SYMBOLS_PRIVATE_EXTERN = NO;
				GCC_WARN_64_TO_32_BIT_CONVERSION = YES;
				GCC_WARN_ABOUT_RETURN_TYPE = YES_ERROR;
				GCC_WARN_UNDECLARED_SELECTOR = YES;
				GCC_WARN_UNINITIALIZED_AUTOS = YES_AGGRESSIVE;
				GCC_WARN_UNUSED_FUNCTION = YES;
				GCC_WARN_UNUSED_VARIABLE = YES;
				MACOSX_DEPLOYMENT_TARGET = 10.9;
				MTL_ENABLE_DEBUG_INFO = YES;
				ONLY_ACTIVE_ARCH = YES;
				SDKROOT = macosx;
			};
			name = Debug;
		};
		743DD3941AA55831006ECF81 /* Release */ = {
			isa = XCBuildConfiguration;
			buildSettings = {
				ALWAYS_SEARCH_USER_PATHS = NO;
				CLANG_CXX_LANGUAGE_STANDARD = "gnu++0x";
				CLANG_CXX_LIBRARY = "libc++";
				CLANG_ENABLE_MODULES = YES;
				CLANG_ENABLE_OBJC_ARC = YES;
				CLANG_WARN_BOOL_CONVERSION = YES;
				CLANG_WARN_CONSTANT_CONVERSION = YES;
				CLANG_WARN_DIRECT_OBJC_ISA_USAGE = YES_ERROR;
				CLANG_WARN_EMPTY_BODY = YES;
				CLANG_WARN_ENUM_CONVERSION = YES;
				CLANG_WARN_INT_CONVERSION = YES;
				CLANG_WARN_OBJC_ROOT_CLASS = YES_ERROR;
				CLANG_WARN_UNREACHABLE_CODE = YES;
				CLANG_WARN__DUPLICATE_METHOD_MATCH = YES;
				COPY_PHASE_STRIP = YES;
				DEBUG_INFORMATION_FORMAT = "dwarf-with-dsym";
				ENABLE_NS_ASSERTIONS = NO;
				ENABLE_STRICT_OBJC_MSGSEND = YES;
				GCC_C_LANGUAGE_STANDARD = gnu99;
				GCC_WARN_64_TO_32_BIT_CONVERSION = YES;
				GCC_WARN_ABOUT_RETURN_TYPE = YES_ERROR;
				GCC_WARN_UNDECLARED_SELECTOR = YES;
				GCC_WARN_UNINITIALIZED_AUTOS = YES_AGGRESSIVE;
				GCC_WARN_UNUSED_FUNCTION = YES;
				GCC_WARN_UNUSED_VARIABLE = YES;
				MACOSX_DEPLOYMENT_TARGET = 10.9;
				MTL_ENABLE_DEBUG_INFO = NO;
				SDKROOT = macosx;
			};
			name = Release;
		};
		743DD3961AA55831006ECF81 /* Debug */ = {
			isa = XCBuildConfiguration;
			buildSettings = {
				PRODUCT_NAME = "$(TARGET_NAME)";
			};
			name = Debug;
		};
		743DD3971AA55831006ECF81 /* Release */ = {
			isa = XCBuildConfiguration;
			buildSettings = {
				PRODUCT_NAME = "$(TARGET_NAME)";
			};
			name = Release;
		};
/* End XCBuildConfiguration section */

/* Begin XCConfigurationList section */
		743DD3891AA55831006ECF81 /* Build configuration list for PBXProject "PSIM" */ = {
			isa = XCConfigurationList;
			buildConfigurations = (
				743DD3931AA55831006ECF81 /* Debug */,
				743DD3941AA55831006ECF81 /* Release */,
			);
			defaultConfigurationIsVisible = 0;
			defaultConfigurationName = Release;
		};
		743DD3951AA55831006ECF81 /* Build configuration list for PBXNativeTarget "PSIM" */ = {
			isa = XCConfigurationList;
			buildConfigurations = (
				743DD3961AA55831006ECF81 /* Debug */,
				743DD3971AA55831006ECF81 /* Release */,
			);
			defaultConfigurationIsVisible = 0;
		};
/* End XCConfigurationList section */
	};
	rootObject = 743DD3861AA55831006ECF81 /* Project object */;
}
